
Microsoft Visual Studio Solution File, Format Version 12.00
Project("{FAE04EC0-301F-11D3-BF4B-00C04F79EFBC}") = "Dojo", "Dojo\Dojo.csproj", "{DFF13DB3-040F-4391-A8C8-4E182598EFDF}"
EndProject
Global
	GlobalSection(SolutionConfigurationPlatforms) = preSolution
		Debug|Any CPU = Debug|Any CPU
		Release|Any CPU = Release|Any CPU
	EndGlobalSection
	GlobalSection(ProjectConfigurationPlatforms) = postSolution
		{DFF13DB3-040F-4391-A8C8-4E182598EFDF}.Debug|Any CPU.ActiveCfg = Debug|Any CPU
		{DFF13DB3-040F-4391-A8C8-4E182598EFDF}.Debug|Any CPU.Build.0 = Debug|Any CPU
		{DFF13DB3-040F-4391-A8C8-4E182598EFDF}.Release|Any CPU.ActiveCfg = Release|Any CPU
		{DFF13DB3-040F-4391-A8C8-4E182598EFDF}.Release|Any CPU.Build.0 = Release|Any CPU
	EndGlobalSection
EndGlobal
